
Microsoft Visual Studio Solution File, Format Version 12.00
# Visual Studio Version 17
VisualStudioVersion = 17.0.32014.148
MinimumVisualStudioVersion = 10.0.40219.1
Project("{FAE04EC0-301F-11D3-BF4B-00C04F79EFBC}") = "ConsoleTestApp1", "ConsoleTestApp1.csproj", "{A9CB8D0D-5863-4787-866F-678EBEEB8B36}"
EndProject
Global
	GlobalSection(SolutionConfigurationPlatforms) = preSolution
		Debug|Any CPU = Debug|Any CPU
		Release|Any CPU = Release|Any CPU
	EndGlobalSection
	GlobalSection(ProjectConfigurationPlatforms) = postSolution
		{A9CB8D0D-5863-4787-866F-678EBEEB8B36}.Debug|Any CPU.ActiveCfg = Debug|Any CPU
		{A9CB8D0D-5863-4787-866F-678EBEEB8B36}.Debug|Any CPU.Build.0 = Debug|Any CPU
		{A9CB8D0D-5863-4787-866F-678EBEEB8B36}.Release|Any CPU.ActiveCfg = Release|Any CPU
		{A9CB8D0D-5863-4787-866F-678EBEEB8B36}.Release|Any CPU.Build.0 = Release|Any CPU
	EndGlobalSection
	GlobalSection(SolutionProperties) = preSolution
		HideSolutionNode = FALSE
	EndGlobalSection
	GlobalSection(ExtensibilityGlobals) = postSolution
		SolutionGuid = {764E858D-41D1-49A6-A05B-FD0D4FFAF933}
	EndGlobalSection
EndGlobal
